
Microsoft Visual Studio Solution File, Format Version 12.00
# Visual Studio Version 16
VisualStudioVersion = 16.0.30804.86
MinimumVisualStudioVersion = 10.0.40219.1
Project("{9A19103F-16F7-4668-BE54-9A1E7A4F7556}") = "TOTO - 6-49", "TOTO - 6-49\TOTO - 6-49.csproj", "{7C61D0C0-B496-43E2-AD84-EF114FCA0718}"
EndProject
Project("{FAE04EC0-301F-11D3-BF4B-00C04F79EFBC}") = "HappyNumbers", "HappyNumbers\HappyNumbers.csproj", "{ED375305-434E-4758-A1EC-1F24D3D4C6A0}"
EndProject
Project("{FAE04EC0-301F-11D3-BF4B-00C04F79EFBC}") = "task1", "task1\task1.csproj", "{721420DE-841A-45CF-943E-ADCB5FA99537}"
EndProject
Project("{FAE04EC0-301F-11D3-BF4B-00C04F79EFBC}") = "task2", "task2\task2.csproj", "{A6A71376-A95B-4D9A-9D79-9973C8E6FD07}"
EndProject
Project("{FAE04EC0-301F-11D3-BF4B-00C04F79EFBC}") = "task3", "task3\task3.csproj", "{5B14729E-6796-4355-AB6D-388170651D4A}"
EndProject
Project("{FAE04EC0-301F-11D3-BF4B-00C04F79EFBC}") = "task4", "task4\task4.csproj", "{533262C7-3CB7-452B-B73B-780D36AF276A}"
EndProject
Project("{FAE04EC0-301F-11D3-BF4B-00C04F79EFBC}") = "task5 - Fibonachi", "task5\task5 - Fibonachi.csproj", "{CD65D48E-CAA6-4D82-82EE-CD872278C624}"
EndProject
Project("{FAE04EC0-301F-11D3-BF4B-00C04F79EFBC}") = "task6", "task6\task6.csproj", "{206C2509-A5EC-4222-A960-32AFDEB53373}"
EndProject
Project("{FAE04EC0-301F-11D3-BF4B-00C04F79EFBC}") = "task7", "task7\task7.csproj", "{D0EE65C7-C765-4079-B70B-220F0BBD379B}"
EndProject
Project("{FAE04EC0-301F-11D3-BF4B-00C04F79EFBC}") = "task8 - Catalan Number", "task8\task8 - Catalan Number.csproj", "{AD572C95-5179-410F-B3C6-928172E6937F}"
EndProject
Project("{FAE04EC0-301F-11D3-BF4B-00C04F79EFBC}") = "task9", "task10\task9.csproj", "{CEFBC7F4-0C15-4821-9191-83C4AE089B37}"
EndProject
Project("{FAE04EC0-301F-11D3-BF4B-00C04F79EFBC}") = "task10 - Matrix", "task10 - Matrix\task10 - Matrix.csproj", "{06661881-DCA3-46C8-8A98-C0E98EF5D063}"
EndProject
Project("{FAE04EC0-301F-11D3-BF4B-00C04F79EFBC}") = "task11", "task11\task11.csproj", "{9E1963DC-284A-4DC3-A3C0-246284B2A2D2}"
EndProject
Project("{FAE04EC0-301F-11D3-BF4B-00C04F79EFBC}") = "task12 10 - binary", "task12\task12 10 - binary.csproj", "{57B1FF7B-167B-4CF6-A184-2B346E15C8EA}"
EndProject
Project("{FAE04EC0-301F-11D3-BF4B-00C04F79EFBC}") = "task13 binary - 10", "task13\task13 binary - 10.csproj", "{7DB66C6B-E4DA-47FA-BB91-0B728020A6A9}"
EndProject
Project("{FAE04EC0-301F-11D3-BF4B-00C04F79EFBC}") = "task14 10 - 16", "task14\task14 10 - 16.csproj", "{903DD287-3229-4890-AE02-17FF4C727CF4}"
EndProject
Project("{FAE04EC0-301F-11D3-BF4B-00C04F79EFBC}") = "task15 16 - 10", "task15\task15 16 - 10.csproj", "{4EB1AC56-0C47-4452-81E3-351BA27F5847}"
EndProject
Project("{FAE04EC0-301F-11D3-BF4B-00C04F79EFBC}") = "task16", "task16\task16.csproj", "{E1A81C63-D5D1-4F77-81F6-BC7CDED8F895}"
EndProject
Project("{FAE04EC0-301F-11D3-BF4B-00C04F79EFBC}") = "task17 - Evklid", "task17\task17 - Evklid.csproj", "{8810B5C3-8C29-4D6F-9080-28E400C038AF}"
EndProject
Project("{FAE04EC0-301F-11D3-BF4B-00C04F79EFBC}") = "task18", "task18\task18.csproj", "{FB79B7FC-5EFC-42BD-A320-922869A01B0F}"
EndProject
Global
	GlobalSection(SolutionConfigurationPlatforms) = preSolution
		Debug|Any CPU = Debug|Any CPU
		Release|Any CPU = Release|Any CPU
	EndGlobalSection
	GlobalSection(ProjectConfigurationPlatforms) = postSolution
		{7C61D0C0-B496-43E2-AD84-EF114FCA0718}.Debug|Any CPU.ActiveCfg = Debug|Any CPU
		{7C61D0C0-B496-43E2-AD84-EF114FCA0718}.Debug|Any CPU.Build.0 = Debug|Any CPU
		{7C61D0C0-B496-43E2-AD84-EF114FCA0718}.Release|Any CPU.ActiveCfg = Release|Any CPU
		{7C61D0C0-B496-43E2-AD84-EF114FCA0718}.Release|Any CPU.Build.0 = Release|Any CPU
		{ED375305-434E-4758-A1EC-1F24D3D4C6A0}.Debug|Any CPU.ActiveCfg = Debug|Any CPU
		{ED375305-434E-4758-A1EC-1F24D3D4C6A0}.Debug|Any CPU.Build.0 = Debug|Any CPU
		{ED375305-434E-4758-A1EC-1F24D3D4C6A0}.Release|Any CPU.ActiveCfg = Release|Any CPU
		{ED375305-434E-4758-A1EC-1F24D3D4C6A0}.Release|Any CPU.Build.0 = Release|Any CPU
		{721420DE-841A-45CF-943E-ADCB5FA99537}.Debug|Any CPU.ActiveCfg = Debug|Any CPU
		{721420DE-841A-45CF-943E-ADCB5FA99537}.Debug|Any CPU.Build.0 = Debug|Any CPU
		{721420DE-841A-45CF-943E-ADCB5FA99537}.Release|Any CPU.ActiveCfg = Release|Any CPU
		{721420DE-841A-45CF-943E-ADCB5FA99537}.Release|Any CPU.Build.0 = Release|Any CPU
		{A6A71376-A95B-4D9A-9D79-9973C8E6FD07}.Debug|Any CPU.ActiveCfg = Debug|Any CPU
		{A6A71376-A95B-4D9A-9D79-9973C8E6FD07}.Debug|Any CPU.Build.0 = Debug|Any CPU
		{A6A71376-A95B-4D9A-9D79-9973C8E6FD07}.Release|Any CPU.ActiveCfg = Release|Any CPU
		{A6A71376-A95B-4D9A-9D79-9973C8E6FD07}.Release|Any CPU.Build.0 = Release|Any CPU
		{5B14729E-6796-4355-AB6D-388170651D4A}.Debug|Any CPU.ActiveCfg = Debug|Any CPU
		{5B14729E-6796-4355-AB6D-388170651D4A}.Debug|Any CPU.Build.0 = Debug|Any CPU
		{5B14729E-6796-4355-AB6D-388170651D4A}.Release|Any CPU.ActiveCfg = Release|Any CPU
		{5B14729E-6796-4355-AB6D-388170651D4A}.Release|Any CPU.Build.0 = Release|Any CPU
		{533262C7-3CB7-452B-B73B-780D36AF276A}.Debug|Any CPU.ActiveCfg = Debug|Any CPU
		{533262C7-3CB7-452B-B73B-780D36AF276A}.Debug|Any CPU.Build.0 = Debug|Any CPU
		{533262C7-3CB7-452B-B73B-780D36AF276A}.Release|Any CPU.ActiveCfg = Release|Any CPU
		{533262C7-3CB7-452B-B73B-780D36AF276A}.Release|Any CPU.Build.0 = Release|Any CPU
		{CD65D48E-CAA6-4D82-82EE-CD872278C624}.Debug|Any CPU.ActiveCfg = Debug|Any CPU
		{CD65D48E-CAA6-4D82-82EE-CD872278C624}.Debug|Any CPU.Build.0 = Debug|Any CPU
		{CD65D48E-CAA6-4D82-82EE-CD872278C624}.Release|Any CPU.ActiveCfg = Release|Any CPU
		{CD65D48E-CAA6-4D82-82EE-CD872278C624}.Release|Any CPU.Build.0 = Release|Any CPU
		{206C2509-A5EC-4222-A960-32AFDEB53373}.Debug|Any CPU.ActiveCfg = Debug|Any CPU
		{206C2509-A5EC-4222-A960-32AFDEB53373}.Debug|Any CPU.Build.0 = Debug|Any CPU
		{206C2509-A5EC-4222-A960-32AFDEB53373}.Release|Any CPU.ActiveCfg = Release|Any CPU
		{206C2509-A5EC-4222-A960-32AFDEB53373}.Release|Any CPU.Build.0 = Release|Any CPU
		{D0EE65C7-C765-4079-B70B-220F0BBD379B}.Debug|Any CPU.ActiveCfg = Debug|Any CPU
		{D0EE65C7-C765-4079-B70B-220F0BBD379B}.Debug|Any CPU.Build.0 = Debug|Any CPU
		{D0EE65C7-C765-4079-B70B-220F0BBD379B}.Release|Any CPU.ActiveCfg = Release|Any CPU
		{D0EE65C7-C765-4079-B70B-220F0BBD379B}.Release|Any CPU.Build.0 = Release|Any CPU
		{AD572C95-5179-410F-B3C6-928172E6937F}.Debug|Any CPU.ActiveCfg = Debug|Any CPU
		{AD572C95-5179-410F-B3C6-928172E6937F}.Debug|Any CPU.Build.0 = Debug|Any CPU
		{AD572C95-5179-410F-B3C6-928172E6937F}.Release|Any CPU.ActiveCfg = Release|Any CPU
		{AD572C95-5179-410F-B3C6-928172E6937F}.Release|Any CPU.Build.0 = Release|Any CPU
		{CEFBC7F4-0C15-4821-9191-83C4AE089B37}.Debug|Any CPU.ActiveCfg = Debug|Any CPU
		{CEFBC7F4-0C15-4821-9191-83C4AE089B37}.Debug|Any CPU.Build.0 = Debug|Any CPU
		{CEFBC7F4-0C15-4821-9191-83C4AE089B37}.Release|Any CPU.ActiveCfg = Release|Any CPU
		{CEFBC7F4-0C15-4821-9191-83C4AE089B37}.Release|Any CPU.Build.0 = Release|Any CPU
		{06661881-DCA3-46C8-8A98-C0E98EF5D063}.Debug|Any CPU.ActiveCfg = Debug|Any CPU
		{06661881-DCA3-46C8-8A98-C0E98EF5D063}.Debug|Any CPU.Build.0 = Debug|Any CPU
		{06661881-DCA3-46C8-8A98-C0E98EF5D063}.Release|Any CPU.ActiveCfg = Release|Any CPU
		{06661881-DCA3-46C8-8A98-C0E98EF5D063}.Release|Any CPU.Build.0 = Release|Any CPU
		{9E1963DC-284A-4DC3-A3C0-246284B2A2D2}.Debug|Any CPU.ActiveCfg = Debug|Any CPU
		{9E1963DC-284A-4DC3-A3C0-246284B2A2D2}.Debug|Any CPU.Build.0 = Debug|Any CPU
		{9E1963DC-284A-4DC3-A3C0-246284B2A2D2}.Release|Any CPU.ActiveCfg = Release|Any CPU
		{9E1963DC-284A-4DC3-A3C0-246284B2A2D2}.Release|Any CPU.Build.0 = Release|Any CPU
		{57B1FF7B-167B-4CF6-A184-2B346E15C8EA}.Debug|Any CPU.ActiveCfg = Debug|Any CPU
		{57B1FF7B-167B-4CF6-A184-2B346E15C8EA}.Debug|Any CPU.Build.0 = Debug|Any CPU
		{57B1FF7B-167B-4CF6-A184-2B346E15C8EA}.Release|Any CPU.ActiveCfg = Release|Any CPU
		{57B1FF7B-167B-4CF6-A184-2B346E15C8EA}.Release|Any CPU.Build.0 = Release|Any CPU
		{7DB66C6B-E4DA-47FA-BB91-0B728020A6A9}.Debug|Any CPU.ActiveCfg = Debug|Any CPU
		{7DB66C6B-E4DA-47FA-BB91-0B728020A6A9}.Debug|Any CPU.Build.0 = Debug|Any CPU
		{7DB66C6B-E4DA-47FA-BB91-0B728020A6A9}.Release|Any CPU.ActiveCfg = Release|Any CPU
		{7DB66C6B-E4DA-47FA-BB91-0B728020A6A9}.Release|Any CPU.Build.0 = Release|Any CPU
		{903DD287-3229-4890-AE02-17FF4C727CF4}.Debug|Any CPU.ActiveCfg = Debug|Any CPU
		{903DD287-3229-4890-AE02-17FF4C727CF4}.Debug|Any CPU.Build.0 = Debug|Any CPU
		{903DD287-3229-4890-AE02-17FF4C727CF4}.Release|Any CPU.ActiveCfg = Release|Any CPU
		{903DD287-3229-4890-AE02-17FF4C727CF4}.Release|Any CPU.Build.0 = Release|Any CPU
		{4EB1AC56-0C47-4452-81E3-351BA27F5847}.Debug|Any CPU.ActiveCfg = Debug|Any CPU
		{4EB1AC56-0C47-4452-81E3-351BA27F5847}.Debug|Any CPU.Build.0 = Debug|Any CPU
		{4EB1AC56-0C47-4452-81E3-351BA27F5847}.Release|Any CPU.ActiveCfg = Release|Any CPU
		{4EB1AC56-0C47-4452-81E3-351BA27F5847}.Release|Any CPU.Build.0 = Release|Any CPU
		{E1A81C63-D5D1-4F77-81F6-BC7CDED8F895}.Debug|Any CPU.ActiveCfg = Debug|Any CPU
		{E1A81C63-D5D1-4F77-81F6-BC7CDED8F895}.Debug|Any CPU.Build.0 = Debug|Any CPU
		{E1A81C63-D5D1-4F77-81F6-BC7CDED8F895}.Release|Any CPU.ActiveCfg = Release|Any CPU
		{E1A81C63-D5D1-4F77-81F6-BC7CDED8F895}.Release|Any CPU.Build.0 = Release|Any CPU
		{8810B5C3-8C29-4D6F-9080-28E400C038AF}.Debug|Any CPU.ActiveCfg = Debug|Any CPU
		{8810B5C3-8C29-4D6F-9080-28E400C038AF}.Debug|Any CPU.Build.0 = Debug|Any CPU
		{8810B5C3-8C29-4D6F-9080-28E400C038AF}.Release|Any CPU.ActiveCfg = Release|Any CPU
		{8810B5C3-8C29-4D6F-9080-28E400C038AF}.Release|Any CPU.Build.0 = Release|Any CPU
		{FB79B7FC-5EFC-42BD-A320-922869A01B0F}.Debug|Any CPU.ActiveCfg = Debug|Any CPU
		{FB79B7FC-5EFC-42BD-A320-922869A01B0F}.Debug|Any CPU.Build.0 = Debug|Any CPU
		{FB79B7FC-5EFC-42BD-A320-922869A01B0F}.Release|Any CPU.ActiveCfg = Release|Any CPU
		{FB79B7FC-5EFC-42BD-A320-922869A01B0F}.Release|Any CPU.Build.0 = Release|Any CPU
	EndGlobalSection
	GlobalSection(SolutionProperties) = preSolution
		HideSolutionNode = FALSE
	EndGlobalSection
	GlobalSection(ExtensibilityGlobals) = postSolution
		SolutionGuid = {5534496C-DA18-4C7E-BDC1-459E13940DEB}
	EndGlobalSection
EndGlobal
