
Microsoft Visual Studio Solution File, Format Version 12.00
# Visual Studio Version 16
VisualStudioVersion = 16.0.30804.86
MinimumVisualStudioVersion = 10.0.40219.1
Project("{9A19103F-16F7-4668-BE54-9A1E7A4F7556}") = "task3", "task3\task3.csproj", "{0CD328A9-9308-496A-AA87-B5CD3886DD03}"
EndProject
Project("{9A19103F-16F7-4668-BE54-9A1E7A4F7556}") = "task4", "task4\task4.csproj", "{C109A7CF-5094-4679-9A4F-F7BCBAB9C313}"
EndProject
Project("{9A19103F-16F7-4668-BE54-9A1E7A4F7556}") = "task5", "task5\task5.csproj", "{CE86F0AC-8E5E-427D-99F3-AE10EA388353}"
EndProject
Project("{9A19103F-16F7-4668-BE54-9A1E7A4F7556}") = "task6", "task6\task6.csproj", "{4D713D06-EAD5-4D13-8FF1-0B65E00108B8}"
EndProject
Project("{9A19103F-16F7-4668-BE54-9A1E7A4F7556}") = "task7", "task7\task7.csproj", "{3CBB06E6-951E-4E04-94A0-FC45512BD91B}"
EndProject
Project("{9A19103F-16F7-4668-BE54-9A1E7A4F7556}") = "task8", "task8\task8.csproj", "{DF4C2AC0-FFFB-489A-9D5E-88F0801329E9}"
EndProject
Project("{9A19103F-16F7-4668-BE54-9A1E7A4F7556}") = "task9", "task9\task9.csproj", "{4E6B7CCF-8FB4-4496-B143-3EFC31BA623D}"
EndProject
Project("{9A19103F-16F7-4668-BE54-9A1E7A4F7556}") = "task10", "task10\task10.csproj", "{E9EE873D-0A66-4216-930F-6162973296AE}"
EndProject
Project("{9A19103F-16F7-4668-BE54-9A1E7A4F7556}") = "task11", "task11\task11.csproj", "{F9B26FC9-9D8A-4AAB-BBE9-FE46E0993DC0}"
EndProject
Project("{9A19103F-16F7-4668-BE54-9A1E7A4F7556}") = "task12", "task12\task12.csproj", "{FD504E7F-D7E1-4F7C-A365-D7125CF9BF0E}"
EndProject
Project("{9A19103F-16F7-4668-BE54-9A1E7A4F7556}") = "task13", "task13\task13.csproj", "{71E0F59C-0E3F-4215-B48B-366D4CCAC9DE}"
EndProject
Project("{9A19103F-16F7-4668-BE54-9A1E7A4F7556}") = "task14", "task14\task14.csproj", "{BF76C003-EB82-45BC-9A47-10B9983CF0F3}"
EndProject
Project("{9A19103F-16F7-4668-BE54-9A1E7A4F7556}") = "task2", "task2\task2.csproj", "{FCBCF790-A926-4208-8F9A-7532FD020123}"
EndProject
Project("{FAE04EC0-301F-11D3-BF4B-00C04F79EFBC}") = "task1", "task1\task1.csproj", "{3C10B905-B390-4B2D-A201-E760A0AFEDB8}"
EndProject
Project("{FAE04EC0-301F-11D3-BF4B-00C04F79EFBC}") = "task15", "task15\task15.csproj", "{FA94689B-D90E-4B03-80F3-12958CF34AF5}"
EndProject
Global
	GlobalSection(SolutionConfigurationPlatforms) = preSolution
		Debug|Any CPU = Debug|Any CPU
		Debug|x64 = Debug|x64
		Debug|x86 = Debug|x86
		Release|Any CPU = Release|Any CPU
		Release|x64 = Release|x64
		Release|x86 = Release|x86
	EndGlobalSection
	GlobalSection(ProjectConfigurationPlatforms) = postSolution
		{0CD328A9-9308-496A-AA87-B5CD3886DD03}.Debug|Any CPU.ActiveCfg = Debug|Any CPU
		{0CD328A9-9308-496A-AA87-B5CD3886DD03}.Debug|Any CPU.Build.0 = Debug|Any CPU
		{0CD328A9-9308-496A-AA87-B5CD3886DD03}.Debug|x64.ActiveCfg = Debug|Any CPU
		{0CD328A9-9308-496A-AA87-B5CD3886DD03}.Debug|x64.Build.0 = Debug|Any CPU
		{0CD328A9-9308-496A-AA87-B5CD3886DD03}.Debug|x86.ActiveCfg = Debug|Any CPU
		{0CD328A9-9308-496A-AA87-B5CD3886DD03}.Debug|x86.Build.0 = Debug|Any CPU
		{0CD328A9-9308-496A-AA87-B5CD3886DD03}.Release|Any CPU.ActiveCfg = Release|Any CPU
		{0CD328A9-9308-496A-AA87-B5CD3886DD03}.Release|Any CPU.Build.0 = Release|Any CPU
		{0CD328A9-9308-496A-AA87-B5CD3886DD03}.Release|x64.ActiveCfg = Release|Any CPU
		{0CD328A9-9308-496A-AA87-B5CD3886DD03}.Release|x64.Build.0 = Release|Any CPU
		{0CD328A9-9308-496A-AA87-B5CD3886DD03}.Release|x86.ActiveCfg = Release|Any CPU
		{0CD328A9-9308-496A-AA87-B5CD3886DD03}.Release|x86.Build.0 = Release|Any CPU
		{C109A7CF-5094-4679-9A4F-F7BCBAB9C313}.Debug|Any CPU.ActiveCfg = Debug|Any CPU
		{C109A7CF-5094-4679-9A4F-F7BCBAB9C313}.Debug|Any CPU.Build.0 = Debug|Any CPU
		{C109A7CF-5094-4679-9A4F-F7BCBAB9C313}.Debug|x64.ActiveCfg = Debug|Any CPU
		{C109A7CF-5094-4679-9A4F-F7BCBAB9C313}.Debug|x64.Build.0 = Debug|Any CPU
		{C109A7CF-5094-4679-9A4F-F7BCBAB9C313}.Debug|x86.ActiveCfg = Debug|Any CPU
		{C109A7CF-5094-4679-9A4F-F7BCBAB9C313}.Debug|x86.Build.0 = Debug|Any CPU
		{C109A7CF-5094-4679-9A4F-F7BCBAB9C313}.Release|Any CPU.ActiveCfg = Release|Any CPU
		{C109A7CF-5094-4679-9A4F-F7BCBAB9C313}.Release|Any CPU.Build.0 = Release|Any CPU
		{C109A7CF-5094-4679-9A4F-F7BCBAB9C313}.Release|x64.ActiveCfg = Release|Any CPU
		{C109A7CF-5094-4679-9A4F-F7BCBAB9C313}.Release|x64.Build.0 = Release|Any CPU
		{C109A7CF-5094-4679-9A4F-F7BCBAB9C313}.Release|x86.ActiveCfg = Release|Any CPU
		{C109A7CF-5094-4679-9A4F-F7BCBAB9C313}.Release|x86.Build.0 = Release|Any CPU
		{CE86F0AC-8E5E-427D-99F3-AE10EA388353}.Debug|Any CPU.ActiveCfg = Debug|Any CPU
		{CE86F0AC-8E5E-427D-99F3-AE10EA388353}.Debug|Any CPU.Build.0 = Debug|Any CPU
		{CE86F0AC-8E5E-427D-99F3-AE10EA388353}.Debug|x64.ActiveCfg = Debug|Any CPU
		{CE86F0AC-8E5E-427D-99F3-AE10EA388353}.Debug|x64.Build.0 = Debug|Any CPU
		{CE86F0AC-8E5E-427D-99F3-AE10EA388353}.Debug|x86.ActiveCfg = Debug|Any CPU
		{CE86F0AC-8E5E-427D-99F3-AE10EA388353}.Debug|x86.Build.0 = Debug|Any CPU
		{CE86F0AC-8E5E-427D-99F3-AE10EA388353}.Release|Any CPU.ActiveCfg = Release|Any CPU
		{CE86F0AC-8E5E-427D-99F3-AE10EA388353}.Release|Any CPU.Build.0 = Release|Any CPU
		{CE86F0AC-8E5E-427D-99F3-AE10EA388353}.Release|x64.ActiveCfg = Release|Any CPU
		{CE86F0AC-8E5E-427D-99F3-AE10EA388353}.Release|x64.Build.0 = Release|Any CPU
		{CE86F0AC-8E5E-427D-99F3-AE10EA388353}.Release|x86.ActiveCfg = Release|Any CPU
		{CE86F0AC-8E5E-427D-99F3-AE10EA388353}.Release|x86.Build.0 = Release|Any CPU
		{4D713D06-EAD5-4D13-8FF1-0B65E00108B8}.Debug|Any CPU.ActiveCfg = Debug|Any CPU
		{4D713D06-EAD5-4D13-8FF1-0B65E00108B8}.Debug|Any CPU.Build.0 = Debug|Any CPU
		{4D713D06-EAD5-4D13-8FF1-0B65E00108B8}.Debug|x64.ActiveCfg = Debug|Any CPU
		{4D713D06-EAD5-4D13-8FF1-0B65E00108B8}.Debug|x64.Build.0 = Debug|Any CPU
		{4D713D06-EAD5-4D13-8FF1-0B65E00108B8}.Debug|x86.ActiveCfg = Debug|Any CPU
		{4D713D06-EAD5-4D13-8FF1-0B65E00108B8}.Debug|x86.Build.0 = Debug|Any CPU
		{4D713D06-EAD5-4D13-8FF1-0B65E00108B8}.Release|Any CPU.ActiveCfg = Release|Any CPU
		{4D713D06-EAD5-4D13-8FF1-0B65E00108B8}.Release|Any CPU.Build.0 = Release|Any CPU
		{4D713D06-EAD5-4D13-8FF1-0B65E00108B8}.Release|x64.ActiveCfg = Release|Any CPU
		{4D713D06-EAD5-4D13-8FF1-0B65E00108B8}.Release|x64.Build.0 = Release|Any CPU
		{4D713D06-EAD5-4D13-8FF1-0B65E00108B8}.Release|x86.ActiveCfg = Release|Any CPU
		{4D713D06-EAD5-4D13-8FF1-0B65E00108B8}.Release|x86.Build.0 = Release|Any CPU
		{3CBB06E6-951E-4E04-94A0-FC45512BD91B}.Debug|Any CPU.ActiveCfg = Debug|Any CPU
		{3CBB06E6-951E-4E04-94A0-FC45512BD91B}.Debug|Any CPU.Build.0 = Debug|Any CPU
		{3CBB06E6-951E-4E04-94A0-FC45512BD91B}.Debug|x64.ActiveCfg = Debug|Any CPU
		{3CBB06E6-951E-4E04-94A0-FC45512BD91B}.Debug|x64.Build.0 = Debug|Any CPU
		{3CBB06E6-951E-4E04-94A0-FC45512BD91B}.Debug|x86.ActiveCfg = Debug|Any CPU
		{3CBB06E6-951E-4E04-94A0-FC45512BD91B}.Debug|x86.Build.0 = Debug|Any CPU
		{3CBB06E6-951E-4E04-94A0-FC45512BD91B}.Release|Any CPU.ActiveCfg = Release|Any CPU
		{3CBB06E6-951E-4E04-94A0-FC45512BD91B}.Release|Any CPU.Build.0 = Release|Any CPU
		{3CBB06E6-951E-4E04-94A0-FC45512BD91B}.Release|x64.ActiveCfg = Release|Any CPU
		{3CBB06E6-951E-4E04-94A0-FC45512BD91B}.Release|x64.Build.0 = Release|Any CPU
		{3CBB06E6-951E-4E04-94A0-FC45512BD91B}.Release|x86.ActiveCfg = Release|Any CPU
		{3CBB06E6-951E-4E04-94A0-FC45512BD91B}.Release|x86.Build.0 = Release|Any CPU
		{DF4C2AC0-FFFB-489A-9D5E-88F0801329E9}.Debug|Any CPU.ActiveCfg = Debug|Any CPU
		{DF4C2AC0-FFFB-489A-9D5E-88F0801329E9}.Debug|Any CPU.Build.0 = Debug|Any CPU
		{DF4C2AC0-FFFB-489A-9D5E-88F0801329E9}.Debug|x64.ActiveCfg = Debug|Any CPU
		{DF4C2AC0-FFFB-489A-9D5E-88F0801329E9}.Debug|x64.Build.0 = Debug|Any CPU
		{DF4C2AC0-FFFB-489A-9D5E-88F0801329E9}.Debug|x86.ActiveCfg = Debug|Any CPU
		{DF4C2AC0-FFFB-489A-9D5E-88F0801329E9}.Debug|x86.Build.0 = Debug|Any CPU
		{DF4C2AC0-FFFB-489A-9D5E-88F0801329E9}.Release|Any CPU.ActiveCfg = Release|Any CPU
		{DF4C2AC0-FFFB-489A-9D5E-88F0801329E9}.Release|Any CPU.Build.0 = Release|Any CPU
		{DF4C2AC0-FFFB-489A-9D5E-88F0801329E9}.Release|x64.ActiveCfg = Release|Any CPU
		{DF4C2AC0-FFFB-489A-9D5E-88F0801329E9}.Release|x64.Build.0 = Release|Any CPU
		{DF4C2AC0-FFFB-489A-9D5E-88F0801329E9}.Release|x86.ActiveCfg = Release|Any CPU
		{DF4C2AC0-FFFB-489A-9D5E-88F0801329E9}.Release|x86.Build.0 = Release|Any CPU
		{4E6B7CCF-8FB4-4496-B143-3EFC31BA623D}.Debug|Any CPU.ActiveCfg = Debug|Any CPU
		{4E6B7CCF-8FB4-4496-B143-3EFC31BA623D}.Debug|Any CPU.Build.0 = Debug|Any CPU
		{4E6B7CCF-8FB4-4496-B143-3EFC31BA623D}.Debug|x64.ActiveCfg = Debug|Any CPU
		{4E6B7CCF-8FB4-4496-B143-3EFC31BA623D}.Debug|x64.Build.0 = Debug|Any CPU
		{4E6B7CCF-8FB4-4496-B143-3EFC31BA623D}.Debug|x86.ActiveCfg = Debug|Any CPU
		{4E6B7CCF-8FB4-4496-B143-3EFC31BA623D}.Debug|x86.Build.0 = Debug|Any CPU
		{4E6B7CCF-8FB4-4496-B143-3EFC31BA623D}.Release|Any CPU.ActiveCfg = Release|Any CPU
		{4E6B7CCF-8FB4-4496-B143-3EFC31BA623D}.Release|Any CPU.Build.0 = Release|Any CPU
		{4E6B7CCF-8FB4-4496-B143-3EFC31BA623D}.Release|x64.ActiveCfg = Release|Any CPU
		{4E6B7CCF-8FB4-4496-B143-3EFC31BA623D}.Release|x64.Build.0 = Release|Any CPU
		{4E6B7CCF-8FB4-4496-B143-3EFC31BA623D}.Release|x86.ActiveCfg = Release|Any CPU
		{4E6B7CCF-8FB4-4496-B143-3EFC31BA623D}.Release|x86.Build.0 = Release|Any CPU
		{E9EE873D-0A66-4216-930F-6162973296AE}.Debug|Any CPU.ActiveCfg = Debug|Any CPU
		{E9EE873D-0A66-4216-930F-6162973296AE}.Debug|Any CPU.Build.0 = Debug|Any CPU
		{E9EE873D-0A66-4216-930F-6162973296AE}.Debug|x64.ActiveCfg = Debug|Any CPU
		{E9EE873D-0A66-4216-930F-6162973296AE}.Debug|x64.Build.0 = Debug|Any CPU
		{E9EE873D-0A66-4216-930F-6162973296AE}.Debug|x86.ActiveCfg = Debug|Any CPU
		{E9EE873D-0A66-4216-930F-6162973296AE}.Debug|x86.Build.0 = Debug|Any CPU
		{E9EE873D-0A66-4216-930F-6162973296AE}.Release|Any CPU.ActiveCfg = Release|Any CPU
		{E9EE873D-0A66-4216-930F-6162973296AE}.Release|Any CPU.Build.0 = Release|Any CPU
		{E9EE873D-0A66-4216-930F-6162973296AE}.Release|x64.ActiveCfg = Release|Any CPU
		{E9EE873D-0A66-4216-930F-6162973296AE}.Release|x64.Build.0 = Release|Any CPU
		{E9EE873D-0A66-4216-930F-6162973296AE}.Release|x86.ActiveCfg = Release|Any CPU
		{E9EE873D-0A66-4216-930F-6162973296AE}.Release|x86.Build.0 = Release|Any CPU
		{F9B26FC9-9D8A-4AAB-BBE9-FE46E0993DC0}.Debug|Any CPU.ActiveCfg = Debug|Any CPU
		{F9B26FC9-9D8A-4AAB-BBE9-FE46E0993DC0}.Debug|Any CPU.Build.0 = Debug|Any CPU
		{F9B26FC9-9D8A-4AAB-BBE9-FE46E0993DC0}.Debug|x64.ActiveCfg = Debug|Any CPU
		{F9B26FC9-9D8A-4AAB-BBE9-FE46E0993DC0}.Debug|x64.Build.0 = Debug|Any CPU
		{F9B26FC9-9D8A-4AAB-BBE9-FE46E0993DC0}.Debug|x86.ActiveCfg = Debug|Any CPU
		{F9B26FC9-9D8A-4AAB-BBE9-FE46E0993DC0}.Debug|x86.Build.0 = Debug|Any CPU
		{F9B26FC9-9D8A-4AAB-BBE9-FE46E0993DC0}.Release|Any CPU.ActiveCfg = Release|Any CPU
		{F9B26FC9-9D8A-4AAB-BBE9-FE46E0993DC0}.Release|Any CPU.Build.0 = Release|Any CPU
		{F9B26FC9-9D8A-4AAB-BBE9-FE46E0993DC0}.Release|x64.ActiveCfg = Release|Any CPU
		{F9B26FC9-9D8A-4AAB-BBE9-FE46E0993DC0}.Release|x64.Build.0 = Release|Any CPU
		{F9B26FC9-9D8A-4AAB-BBE9-FE46E0993DC0}.Release|x86.ActiveCfg = Release|Any CPU
		{F9B26FC9-9D8A-4AAB-BBE9-FE46E0993DC0}.Release|x86.Build.0 = Release|Any CPU
		{FD504E7F-D7E1-4F7C-A365-D7125CF9BF0E}.Debug|Any CPU.ActiveCfg = Debug|Any CPU
		{FD504E7F-D7E1-4F7C-A365-D7125CF9BF0E}.Debug|Any CPU.Build.0 = Debug|Any CPU
		{FD504E7F-D7E1-4F7C-A365-D7125CF9BF0E}.Debug|x64.ActiveCfg = Debug|Any CPU
		{FD504E7F-D7E1-4F7C-A365-D7125CF9BF0E}.Debug|x64.Build.0 = Debug|Any CPU
		{FD504E7F-D7E1-4F7C-A365-D7125CF9BF0E}.Debug|x86.ActiveCfg = Debug|Any CPU
		{FD504E7F-D7E1-4F7C-A365-D7125CF9BF0E}.Debug|x86.Build.0 = Debug|Any CPU
		{FD504E7F-D7E1-4F7C-A365-D7125CF9BF0E}.Release|Any CPU.ActiveCfg = Release|Any CPU
		{FD504E7F-D7E1-4F7C-A365-D7125CF9BF0E}.Release|Any CPU.Build.0 = Release|Any CPU
		{FD504E7F-D7E1-4F7C-A365-D7125CF9BF0E}.Release|x64.ActiveCfg = Release|Any CPU
		{FD504E7F-D7E1-4F7C-A365-D7125CF9BF0E}.Release|x64.Build.0 = Release|Any CPU
		{FD504E7F-D7E1-4F7C-A365-D7125CF9BF0E}.Release|x86.ActiveCfg = Release|Any CPU
		{FD504E7F-D7E1-4F7C-A365-D7125CF9BF0E}.Release|x86.Build.0 = Release|Any CPU
		{71E0F59C-0E3F-4215-B48B-366D4CCAC9DE}.Debug|Any CPU.ActiveCfg = Debug|Any CPU
		{71E0F59C-0E3F-4215-B48B-366D4CCAC9DE}.Debug|Any CPU.Build.0 = Debug|Any CPU
		{71E0F59C-0E3F-4215-B48B-366D4CCAC9DE}.Debug|x64.ActiveCfg = Debug|Any CPU
		{71E0F59C-0E3F-4215-B48B-366D4CCAC9DE}.Debug|x64.Build.0 = Debug|Any CPU
		{71E0F59C-0E3F-4215-B48B-366D4CCAC9DE}.Debug|x86.ActiveCfg = Debug|Any CPU
		{71E0F59C-0E3F-4215-B48B-366D4CCAC9DE}.Debug|x86.Build.0 = Debug|Any CPU
		{71E0F59C-0E3F-4215-B48B-366D4CCAC9DE}.Release|Any CPU.ActiveCfg = Release|Any CPU
		{71E0F59C-0E3F-4215-B48B-366D4CCAC9DE}.Release|Any CPU.Build.0 = Release|Any CPU
		{71E0F59C-0E3F-4215-B48B-366D4CCAC9DE}.Release|x64.ActiveCfg = Release|Any CPU
		{71E0F59C-0E3F-4215-B48B-366D4CCAC9DE}.Release|x64.Build.0 = Release|Any CPU
		{71E0F59C-0E3F-4215-B48B-366D4CCAC9DE}.Release|x86.ActiveCfg = Release|Any CPU
		{71E0F59C-0E3F-4215-B48B-366D4CCAC9DE}.Release|x86.Build.0 = Release|Any CPU
		{BF76C003-EB82-45BC-9A47-10B9983CF0F3}.Debug|Any CPU.ActiveCfg = Debug|Any CPU
		{BF76C003-EB82-45BC-9A47-10B9983CF0F3}.Debug|Any CPU.Build.0 = Debug|Any CPU
		{BF76C003-EB82-45BC-9A47-10B9983CF0F3}.Debug|x64.ActiveCfg = Debug|Any CPU
		{BF76C003-EB82-45BC-9A47-10B9983CF0F3}.Debug|x64.Build.0 = Debug|Any CPU
		{BF76C003-EB82-45BC-9A47-10B9983CF0F3}.Debug|x86.ActiveCfg = Debug|Any CPU
		{BF76C003-EB82-45BC-9A47-10B9983CF0F3}.Debug|x86.Build.0 = Debug|Any CPU
		{BF76C003-EB82-45BC-9A47-10B9983CF0F3}.Release|Any CPU.ActiveCfg = Release|Any CPU
		{BF76C003-EB82-45BC-9A47-10B9983CF0F3}.Release|Any CPU.Build.0 = Release|Any CPU
		{BF76C003-EB82-45BC-9A47-10B9983CF0F3}.Release|x64.ActiveCfg = Release|Any CPU
		{BF76C003-EB82-45BC-9A47-10B9983CF0F3}.Release|x64.Build.0 = Release|Any CPU
		{BF76C003-EB82-45BC-9A47-10B9983CF0F3}.Release|x86.ActiveCfg = Release|Any CPU
		{BF76C003-EB82-45BC-9A47-10B9983CF0F3}.Release|x86.Build.0 = Release|Any CPU
		{FCBCF790-A926-4208-8F9A-7532FD020123}.Debug|Any CPU.ActiveCfg = Debug|Any CPU
		{FCBCF790-A926-4208-8F9A-7532FD020123}.Debug|Any CPU.Build.0 = Debug|Any CPU
		{FCBCF790-A926-4208-8F9A-7532FD020123}.Debug|x64.ActiveCfg = Debug|Any CPU
		{FCBCF790-A926-4208-8F9A-7532FD020123}.Debug|x64.Build.0 = Debug|Any CPU
		{FCBCF790-A926-4208-8F9A-7532FD020123}.Debug|x86.ActiveCfg = Debug|Any CPU
		{FCBCF790-A926-4208-8F9A-7532FD020123}.Debug|x86.Build.0 = Debug|Any CPU
		{FCBCF790-A926-4208-8F9A-7532FD020123}.Release|Any CPU.ActiveCfg = Release|Any CPU
		{FCBCF790-A926-4208-8F9A-7532FD020123}.Release|Any CPU.Build.0 = Release|Any CPU
		{FCBCF790-A926-4208-8F9A-7532FD020123}.Release|x64.ActiveCfg = Release|Any CPU
		{FCBCF790-A926-4208-8F9A-7532FD020123}.Release|x64.Build.0 = Release|Any CPU
		{FCBCF790-A926-4208-8F9A-7532FD020123}.Release|x86.ActiveCfg = Release|Any CPU
		{FCBCF790-A926-4208-8F9A-7532FD020123}.Release|x86.Build.0 = Release|Any CPU
		{3C10B905-B390-4B2D-A201-E760A0AFEDB8}.Debug|Any CPU.ActiveCfg = Debug|Any CPU
		{3C10B905-B390-4B2D-A201-E760A0AFEDB8}.Debug|Any CPU.Build.0 = Debug|Any CPU
		{3C10B905-B390-4B2D-A201-E760A0AFEDB8}.Debug|x64.ActiveCfg = Debug|Any CPU
		{3C10B905-B390-4B2D-A201-E760A0AFEDB8}.Debug|x64.Build.0 = Debug|Any CPU
		{3C10B905-B390-4B2D-A201-E760A0AFEDB8}.Debug|x86.ActiveCfg = Debug|Any CPU
		{3C10B905-B390-4B2D-A201-E760A0AFEDB8}.Debug|x86.Build.0 = Debug|Any CPU
		{3C10B905-B390-4B2D-A201-E760A0AFEDB8}.Release|Any CPU.ActiveCfg = Release|Any CPU
		{3C10B905-B390-4B2D-A201-E760A0AFEDB8}.Release|Any CPU.Build.0 = Release|Any CPU
		{3C10B905-B390-4B2D-A201-E760A0AFEDB8}.Release|x64.ActiveCfg = Release|Any CPU
		{3C10B905-B390-4B2D-A201-E760A0AFEDB8}.Release|x64.Build.0 = Release|Any CPU
		{3C10B905-B390-4B2D-A201-E760A0AFEDB8}.Release|x86.ActiveCfg = Release|Any CPU
		{3C10B905-B390-4B2D-A201-E760A0AFEDB8}.Release|x86.Build.0 = Release|Any CPU
		{FA94689B-D90E-4B03-80F3-12958CF34AF5}.Debug|Any CPU.ActiveCfg = Debug|Any CPU
		{FA94689B-D90E-4B03-80F3-12958CF34AF5}.Debug|Any CPU.Build.0 = Debug|Any CPU
		{FA94689B-D90E-4B03-80F3-12958CF34AF5}.Debug|x64.ActiveCfg = Debug|Any CPU
		{FA94689B-D90E-4B03-80F3-12958CF34AF5}.Debug|x64.Build.0 = Debug|Any CPU
		{FA94689B-D90E-4B03-80F3-12958CF34AF5}.Debug|x86.ActiveCfg = Debug|Any CPU
		{FA94689B-D90E-4B03-80F3-12958CF34AF5}.Debug|x86.Build.0 = Debug|Any CPU
		{FA94689B-D90E-4B03-80F3-12958CF34AF5}.Release|Any CPU.ActiveCfg = Release|Any CPU
		{FA94689B-D90E-4B03-80F3-12958CF34AF5}.Release|Any CPU.Build.0 = Release|Any CPU
		{FA94689B-D90E-4B03-80F3-12958CF34AF5}.Release|x64.ActiveCfg = Release|Any CPU
		{FA94689B-D90E-4B03-80F3-12958CF34AF5}.Release|x64.Build.0 = Release|Any CPU
		{FA94689B-D90E-4B03-80F3-12958CF34AF5}.Release|x86.ActiveCfg = Release|Any CPU
		{FA94689B-D90E-4B03-80F3-12958CF34AF5}.Release|x86.Build.0 = Release|Any CPU
	EndGlobalSection
	GlobalSection(SolutionProperties) = preSolution
		HideSolutionNode = FALSE
	EndGlobalSection
	GlobalSection(ExtensibilityGlobals) = postSolution
		SolutionGuid = {C3AAEE33-8D73-44E0-B938-3E0077091029}
	EndGlobalSection
EndGlobal
