
Microsoft Visual Studio Solution File, Format Version 12.00
# Visual Studio Version 16
VisualStudioVersion = 16.0.30804.86
MinimumVisualStudioVersion = 10.0.40219.1
Project("{9A19103F-16F7-4668-BE54-9A1E7A4F7556}") = "ArrayInversion", "ArrayInversion\ArrayInversion.csproj", "{2AD6F3F4-D8F2-418E-9839-4CBE42BB1069}"
EndProject
Project("{9A19103F-16F7-4668-BE54-9A1E7A4F7556}") = "ArraySymmetryCheck", "ArraySymmetryCheck\ArraySymmetryCheck.csproj", "{C246DE11-D9E9-4AEE-B5FE-A1EB410A7B32}"
EndProject
Project("{9A19103F-16F7-4668-BE54-9A1E7A4F7556}") = "BiggestMatrix2x2", "BiggestMatrix2x2\BiggestMatrix2x2.csproj", "{CEE57A32-62BC-4BD7-9B1A-4169E5248C64}"
EndProject
Project("{9A19103F-16F7-4668-BE54-9A1E7A4F7556}") = "PascalTriangle", "PascalTriangle\PascalTriangle.csproj", "{9A53ECEF-50DF-4532-AF99-FE689165E70F}"
EndProject
Project("{9A19103F-16F7-4668-BE54-9A1E7A4F7556}") = "task1", "task1\task1.csproj", "{8FE1A72B-A56F-4F0C-840E-FEDB0565ADDA}"
EndProject
Project("{9A19103F-16F7-4668-BE54-9A1E7A4F7556}") = "task2", "task2\task2.csproj", "{32DC034C-7365-4E7B-A3B7-C499188C8417}"
EndProject
Project("{9A19103F-16F7-4668-BE54-9A1E7A4F7556}") = "task3", "task3\task3.csproj", "{192657D7-4C76-4847-8919-C25B429CAF0E}"
EndProject
Project("{9A19103F-16F7-4668-BE54-9A1E7A4F7556}") = "task4", "task4\task4.csproj", "{C87ACC72-ECE0-4FE9-AE06-BA0D09F4B7E0}"
EndProject
Project("{9A19103F-16F7-4668-BE54-9A1E7A4F7556}") = "task4 - Optimized", "task4 - Optimized\task4 - Optimized.csproj", "{F11C7D29-76B5-44E5-8388-2F88225D1CFC}"
EndProject
Project("{9A19103F-16F7-4668-BE54-9A1E7A4F7556}") = "task5 - MaxSeries", "task5 - MaxSeries\task5 - MaxSeries.csproj", "{5EFDD2FA-1EA7-4213-A4CA-4B2047B9771F}"
EndProject
Project("{9A19103F-16F7-4668-BE54-9A1E7A4F7556}") = "task6", "task6\task6.csproj", "{EAD17483-213A-4C54-AB85-8DBA4498EE8A}"
EndProject
Project("{9A19103F-16F7-4668-BE54-9A1E7A4F7556}") = "task7", "task7\task7.csproj", "{783B103C-863B-4063-A00E-EBD46BFB40A8}"
EndProject
Project("{9A19103F-16F7-4668-BE54-9A1E7A4F7556}") = "task8", "task8\task8.csproj", "{40555400-237C-4FD9-AD26-7995F82646D8}"
EndProject
Project("{9A19103F-16F7-4668-BE54-9A1E7A4F7556}") = "task9", "task9\task9.csproj", "{93483F27-9F65-43B8-B592-5964B197EE12}"
EndProject
Project("{9A19103F-16F7-4668-BE54-9A1E7A4F7556}") = "task10", "task10\task10.csproj", "{8CBF6F48-4690-42EF-843A-81DD85646091}"
EndProject
Project("{9A19103F-16F7-4668-BE54-9A1E7A4F7556}") = "task11", "task11\task11.csproj", "{D6690C32-F900-4F18-AEC2-4409A60DCFCA}"
EndProject
Project("{9A19103F-16F7-4668-BE54-9A1E7A4F7556}") = "task12a", "task12a\task12a.csproj", "{223B4F49-E3A9-4051-AD9B-15507136CEB9}"
EndProject
Project("{9A19103F-16F7-4668-BE54-9A1E7A4F7556}") = "task12b", "task12b\task12b.csproj", "{6467C5D3-41F2-4B25-B994-9D9927DDA9C2}"
EndProject
Project("{9A19103F-16F7-4668-BE54-9A1E7A4F7556}") = "task13", "task13\task13.csproj", "{6046382B-F697-488A-9ABA-C2A4880FE34F}"
EndProject
Project("{9A19103F-16F7-4668-BE54-9A1E7A4F7556}") = "task14", "task14\task14.csproj", "{10E2477B-A479-4E08-8278-0D133BC49C76}"
EndProject
Project("{9A19103F-16F7-4668-BE54-9A1E7A4F7556}") = "task15", "task15\task15.csproj", "{4D51C66F-281C-455A-9B6C-69DE26D0FE5B}"
EndProject
Project("{9A19103F-16F7-4668-BE54-9A1E7A4F7556}") = "task16 - BinarySearch", "task16 - BinarySearch\task16 - BinarySearch.csproj", "{0E9F909A-85A2-4CE8-BC02-D3BC48DE394C}"
EndProject
Project("{9A19103F-16F7-4668-BE54-9A1E7A4F7556}") = "task17 -  MergeSort", "task17 -  MergeSort\task17 -  MergeSort.csproj", "{94FDB650-6275-4A3D-87BA-D78D42BF82CF}"
EndProject
Project("{9A19103F-16F7-4668-BE54-9A1E7A4F7556}") = "task18 - QuickSort", "task18 - QuickSort\task18 - QuickSort.csproj", "{0AB59A2F-A1DD-4AEC-B6E6-05D6AA79EE6F}"
EndProject
Project("{9A19103F-16F7-4668-BE54-9A1E7A4F7556}") = "task19 - SieveOfErathosten", "task19 - SieveOfErathosten\task19 - SieveOfErathosten.csproj", "{20A7F80F-CB02-42B2-A93C-E5E30B6E8E18}"
EndProject
Global
	GlobalSection(SolutionConfigurationPlatforms) = preSolution
		Debug|Any CPU = Debug|Any CPU
		Debug|x64 = Debug|x64
		Debug|x86 = Debug|x86
		Release|Any CPU = Release|Any CPU
		Release|x64 = Release|x64
		Release|x86 = Release|x86
	EndGlobalSection
	GlobalSection(ProjectConfigurationPlatforms) = postSolution
		{2AD6F3F4-D8F2-418E-9839-4CBE42BB1069}.Debug|Any CPU.ActiveCfg = Debug|Any CPU
		{2AD6F3F4-D8F2-418E-9839-4CBE42BB1069}.Debug|Any CPU.Build.0 = Debug|Any CPU
		{2AD6F3F4-D8F2-418E-9839-4CBE42BB1069}.Debug|x64.ActiveCfg = Debug|Any CPU
		{2AD6F3F4-D8F2-418E-9839-4CBE42BB1069}.Debug|x64.Build.0 = Debug|Any CPU
		{2AD6F3F4-D8F2-418E-9839-4CBE42BB1069}.Debug|x86.ActiveCfg = Debug|Any CPU
		{2AD6F3F4-D8F2-418E-9839-4CBE42BB1069}.Debug|x86.Build.0 = Debug|Any CPU
		{2AD6F3F4-D8F2-418E-9839-4CBE42BB1069}.Release|Any CPU.ActiveCfg = Release|Any CPU
		{2AD6F3F4-D8F2-418E-9839-4CBE42BB1069}.Release|Any CPU.Build.0 = Release|Any CPU
		{2AD6F3F4-D8F2-418E-9839-4CBE42BB1069}.Release|x64.ActiveCfg = Release|Any CPU
		{2AD6F3F4-D8F2-418E-9839-4CBE42BB1069}.Release|x64.Build.0 = Release|Any CPU
		{2AD6F3F4-D8F2-418E-9839-4CBE42BB1069}.Release|x86.ActiveCfg = Release|Any CPU
		{2AD6F3F4-D8F2-418E-9839-4CBE42BB1069}.Release|x86.Build.0 = Release|Any CPU
		{C246DE11-D9E9-4AEE-B5FE-A1EB410A7B32}.Debug|Any CPU.ActiveCfg = Debug|Any CPU
		{C246DE11-D9E9-4AEE-B5FE-A1EB410A7B32}.Debug|Any CPU.Build.0 = Debug|Any CPU
		{C246DE11-D9E9-4AEE-B5FE-A1EB410A7B32}.Debug|x64.ActiveCfg = Debug|Any CPU
		{C246DE11-D9E9-4AEE-B5FE-A1EB410A7B32}.Debug|x64.Build.0 = Debug|Any CPU
		{C246DE11-D9E9-4AEE-B5FE-A1EB410A7B32}.Debug|x86.ActiveCfg = Debug|Any CPU
		{C246DE11-D9E9-4AEE-B5FE-A1EB410A7B32}.Debug|x86.Build.0 = Debug|Any CPU
		{C246DE11-D9E9-4AEE-B5FE-A1EB410A7B32}.Release|Any CPU.ActiveCfg = Release|Any CPU
		{C246DE11-D9E9-4AEE-B5FE-A1EB410A7B32}.Release|Any CPU.Build.0 = Release|Any CPU
		{C246DE11-D9E9-4AEE-B5FE-A1EB410A7B32}.Release|x64.ActiveCfg = Release|Any CPU
		{C246DE11-D9E9-4AEE-B5FE-A1EB410A7B32}.Release|x64.Build.0 = Release|Any CPU
		{C246DE11-D9E9-4AEE-B5FE-A1EB410A7B32}.Release|x86.ActiveCfg = Release|Any CPU
		{C246DE11-D9E9-4AEE-B5FE-A1EB410A7B32}.Release|x86.Build.0 = Release|Any CPU
		{CEE57A32-62BC-4BD7-9B1A-4169E5248C64}.Debug|Any CPU.ActiveCfg = Debug|Any CPU
		{CEE57A32-62BC-4BD7-9B1A-4169E5248C64}.Debug|Any CPU.Build.0 = Debug|Any CPU
		{CEE57A32-62BC-4BD7-9B1A-4169E5248C64}.Debug|x64.ActiveCfg = Debug|Any CPU
		{CEE57A32-62BC-4BD7-9B1A-4169E5248C64}.Debug|x64.Build.0 = Debug|Any CPU
		{CEE57A32-62BC-4BD7-9B1A-4169E5248C64}.Debug|x86.ActiveCfg = Debug|Any CPU
		{CEE57A32-62BC-4BD7-9B1A-4169E5248C64}.Debug|x86.Build.0 = Debug|Any CPU
		{CEE57A32-62BC-4BD7-9B1A-4169E5248C64}.Release|Any CPU.ActiveCfg = Release|Any CPU
		{CEE57A32-62BC-4BD7-9B1A-4169E5248C64}.Release|Any CPU.Build.0 = Release|Any CPU
		{CEE57A32-62BC-4BD7-9B1A-4169E5248C64}.Release|x64.ActiveCfg = Release|Any CPU
		{CEE57A32-62BC-4BD7-9B1A-4169E5248C64}.Release|x64.Build.0 = Release|Any CPU
		{CEE57A32-62BC-4BD7-9B1A-4169E5248C64}.Release|x86.ActiveCfg = Release|Any CPU
		{CEE57A32-62BC-4BD7-9B1A-4169E5248C64}.Release|x86.Build.0 = Release|Any CPU
		{9A53ECEF-50DF-4532-AF99-FE689165E70F}.Debug|Any CPU.ActiveCfg = Debug|Any CPU
		{9A53ECEF-50DF-4532-AF99-FE689165E70F}.Debug|Any CPU.Build.0 = Debug|Any CPU
		{9A53ECEF-50DF-4532-AF99-FE689165E70F}.Debug|x64.ActiveCfg = Debug|Any CPU
		{9A53ECEF-50DF-4532-AF99-FE689165E70F}.Debug|x64.Build.0 = Debug|Any CPU
		{9A53ECEF-50DF-4532-AF99-FE689165E70F}.Debug|x86.ActiveCfg = Debug|Any CPU
		{9A53ECEF-50DF-4532-AF99-FE689165E70F}.Debug|x86.Build.0 = Debug|Any CPU
		{9A53ECEF-50DF-4532-AF99-FE689165E70F}.Release|Any CPU.ActiveCfg = Release|Any CPU
		{9A53ECEF-50DF-4532-AF99-FE689165E70F}.Release|Any CPU.Build.0 = Release|Any CPU
		{9A53ECEF-50DF-4532-AF99-FE689165E70F}.Release|x64.ActiveCfg = Release|Any CPU
		{9A53ECEF-50DF-4532-AF99-FE689165E70F}.Release|x64.Build.0 = Release|Any CPU
		{9A53ECEF-50DF-4532-AF99-FE689165E70F}.Release|x86.ActiveCfg = Release|Any CPU
		{9A53ECEF-50DF-4532-AF99-FE689165E70F}.Release|x86.Build.0 = Release|Any CPU
		{8FE1A72B-A56F-4F0C-840E-FEDB0565ADDA}.Debug|Any CPU.ActiveCfg = Debug|Any CPU
		{8FE1A72B-A56F-4F0C-840E-FEDB0565ADDA}.Debug|Any CPU.Build.0 = Debug|Any CPU
		{8FE1A72B-A56F-4F0C-840E-FEDB0565ADDA}.Debug|x64.ActiveCfg = Debug|Any CPU
		{8FE1A72B-A56F-4F0C-840E-FEDB0565ADDA}.Debug|x64.Build.0 = Debug|Any CPU
		{8FE1A72B-A56F-4F0C-840E-FEDB0565ADDA}.Debug|x86.ActiveCfg = Debug|Any CPU
		{8FE1A72B-A56F-4F0C-840E-FEDB0565ADDA}.Debug|x86.Build.0 = Debug|Any CPU
		{8FE1A72B-A56F-4F0C-840E-FEDB0565ADDA}.Release|Any CPU.ActiveCfg = Release|Any CPU
		{8FE1A72B-A56F-4F0C-840E-FEDB0565ADDA}.Release|Any CPU.Build.0 = Release|Any CPU
		{8FE1A72B-A56F-4F0C-840E-FEDB0565ADDA}.Release|x64.ActiveCfg = Release|Any CPU
		{8FE1A72B-A56F-4F0C-840E-FEDB0565ADDA}.Release|x64.Build.0 = Release|Any CPU
		{8FE1A72B-A56F-4F0C-840E-FEDB0565ADDA}.Release|x86.ActiveCfg = Release|Any CPU
		{8FE1A72B-A56F-4F0C-840E-FEDB0565ADDA}.Release|x86.Build.0 = Release|Any CPU
		{32DC034C-7365-4E7B-A3B7-C499188C8417}.Debug|Any CPU.ActiveCfg = Debug|Any CPU
		{32DC034C-7365-4E7B-A3B7-C499188C8417}.Debug|Any CPU.Build.0 = Debug|Any CPU
		{32DC034C-7365-4E7B-A3B7-C499188C8417}.Debug|x64.ActiveCfg = Debug|Any CPU
		{32DC034C-7365-4E7B-A3B7-C499188C8417}.Debug|x64.Build.0 = Debug|Any CPU
		{32DC034C-7365-4E7B-A3B7-C499188C8417}.Debug|x86.ActiveCfg = Debug|Any CPU
		{32DC034C-7365-4E7B-A3B7-C499188C8417}.Debug|x86.Build.0 = Debug|Any CPU
		{32DC034C-7365-4E7B-A3B7-C499188C8417}.Release|Any CPU.ActiveCfg = Release|Any CPU
		{32DC034C-7365-4E7B-A3B7-C499188C8417}.Release|Any CPU.Build.0 = Release|Any CPU
		{32DC034C-7365-4E7B-A3B7-C499188C8417}.Release|x64.ActiveCfg = Release|Any CPU
		{32DC034C-7365-4E7B-A3B7-C499188C8417}.Release|x64.Build.0 = Release|Any CPU
		{32DC034C-7365-4E7B-A3B7-C499188C8417}.Release|x86.ActiveCfg = Release|Any CPU
		{32DC034C-7365-4E7B-A3B7-C499188C8417}.Release|x86.Build.0 = Release|Any CPU
		{192657D7-4C76-4847-8919-C25B429CAF0E}.Debug|Any CPU.ActiveCfg = Debug|Any CPU
		{192657D7-4C76-4847-8919-C25B429CAF0E}.Debug|Any CPU.Build.0 = Debug|Any CPU
		{192657D7-4C76-4847-8919-C25B429CAF0E}.Debug|x64.ActiveCfg = Debug|Any CPU
		{192657D7-4C76-4847-8919-C25B429CAF0E}.Debug|x64.Build.0 = Debug|Any CPU
		{192657D7-4C76-4847-8919-C25B429CAF0E}.Debug|x86.ActiveCfg = Debug|Any CPU
		{192657D7-4C76-4847-8919-C25B429CAF0E}.Debug|x86.Build.0 = Debug|Any CPU
		{192657D7-4C76-4847-8919-C25B429CAF0E}.Release|Any CPU.ActiveCfg = Release|Any CPU
		{192657D7-4C76-4847-8919-C25B429CAF0E}.Release|Any CPU.Build.0 = Release|Any CPU
		{192657D7-4C76-4847-8919-C25B429CAF0E}.Release|x64.ActiveCfg = Release|Any CPU
		{192657D7-4C76-4847-8919-C25B429CAF0E}.Release|x64.Build.0 = Release|Any CPU
		{192657D7-4C76-4847-8919-C25B429CAF0E}.Release|x86.ActiveCfg = Release|Any CPU
		{192657D7-4C76-4847-8919-C25B429CAF0E}.Release|x86.Build.0 = Release|Any CPU
		{C87ACC72-ECE0-4FE9-AE06-BA0D09F4B7E0}.Debug|Any CPU.ActiveCfg = Debug|Any CPU
		{C87ACC72-ECE0-4FE9-AE06-BA0D09F4B7E0}.Debug|Any CPU.Build.0 = Debug|Any CPU
		{C87ACC72-ECE0-4FE9-AE06-BA0D09F4B7E0}.Debug|x64.ActiveCfg = Debug|Any CPU
		{C87ACC72-ECE0-4FE9-AE06-BA0D09F4B7E0}.Debug|x64.Build.0 = Debug|Any CPU
		{C87ACC72-ECE0-4FE9-AE06-BA0D09F4B7E0}.Debug|x86.ActiveCfg = Debug|Any CPU
		{C87ACC72-ECE0-4FE9-AE06-BA0D09F4B7E0}.Debug|x86.Build.0 = Debug|Any CPU
		{C87ACC72-ECE0-4FE9-AE06-BA0D09F4B7E0}.Release|Any CPU.ActiveCfg = Release|Any CPU
		{C87ACC72-ECE0-4FE9-AE06-BA0D09F4B7E0}.Release|Any CPU.Build.0 = Release|Any CPU
		{C87ACC72-ECE0-4FE9-AE06-BA0D09F4B7E0}.Release|x64.ActiveCfg = Release|Any CPU
		{C87ACC72-ECE0-4FE9-AE06-BA0D09F4B7E0}.Release|x64.Build.0 = Release|Any CPU
		{C87ACC72-ECE0-4FE9-AE06-BA0D09F4B7E0}.Release|x86.ActiveCfg = Release|Any CPU
		{C87ACC72-ECE0-4FE9-AE06-BA0D09F4B7E0}.Release|x86.Build.0 = Release|Any CPU
		{F11C7D29-76B5-44E5-8388-2F88225D1CFC}.Debug|Any CPU.ActiveCfg = Debug|Any CPU
		{F11C7D29-76B5-44E5-8388-2F88225D1CFC}.Debug|Any CPU.Build.0 = Debug|Any CPU
		{F11C7D29-76B5-44E5-8388-2F88225D1CFC}.Debug|x64.ActiveCfg = Debug|Any CPU
		{F11C7D29-76B5-44E5-8388-2F88225D1CFC}.Debug|x64.Build.0 = Debug|Any CPU
		{F11C7D29-76B5-44E5-8388-2F88225D1CFC}.Debug|x86.ActiveCfg = Debug|Any CPU
		{F11C7D29-76B5-44E5-8388-2F88225D1CFC}.Debug|x86.Build.0 = Debug|Any CPU
		{F11C7D29-76B5-44E5-8388-2F88225D1CFC}.Release|Any CPU.ActiveCfg = Release|Any CPU
		{F11C7D29-76B5-44E5-8388-2F88225D1CFC}.Release|Any CPU.Build.0 = Release|Any CPU
		{F11C7D29-76B5-44E5-8388-2F88225D1CFC}.Release|x64.ActiveCfg = Release|Any CPU
		{F11C7D29-76B5-44E5-8388-2F88225D1CFC}.Release|x64.Build.0 = Release|Any CPU
		{F11C7D29-76B5-44E5-8388-2F88225D1CFC}.Release|x86.ActiveCfg = Release|Any CPU
		{F11C7D29-76B5-44E5-8388-2F88225D1CFC}.Release|x86.Build.0 = Release|Any CPU
		{5EFDD2FA-1EA7-4213-A4CA-4B2047B9771F}.Debug|Any CPU.ActiveCfg = Debug|Any CPU
		{5EFDD2FA-1EA7-4213-A4CA-4B2047B9771F}.Debug|Any CPU.Build.0 = Debug|Any CPU
		{5EFDD2FA-1EA7-4213-A4CA-4B2047B9771F}.Debug|x64.ActiveCfg = Debug|Any CPU
		{5EFDD2FA-1EA7-4213-A4CA-4B2047B9771F}.Debug|x64.Build.0 = Debug|Any CPU
		{5EFDD2FA-1EA7-4213-A4CA-4B2047B9771F}.Debug|x86.ActiveCfg = Debug|Any CPU
		{5EFDD2FA-1EA7-4213-A4CA-4B2047B9771F}.Debug|x86.Build.0 = Debug|Any CPU
		{5EFDD2FA-1EA7-4213-A4CA-4B2047B9771F}.Release|Any CPU.ActiveCfg = Release|Any CPU
		{5EFDD2FA-1EA7-4213-A4CA-4B2047B9771F}.Release|Any CPU.Build.0 = Release|Any CPU
		{5EFDD2FA-1EA7-4213-A4CA-4B2047B9771F}.Release|x64.ActiveCfg = Release|Any CPU
		{5EFDD2FA-1EA7-4213-A4CA-4B2047B9771F}.Release|x64.Build.0 = Release|Any CPU
		{5EFDD2FA-1EA7-4213-A4CA-4B2047B9771F}.Release|x86.ActiveCfg = Release|Any CPU
		{5EFDD2FA-1EA7-4213-A4CA-4B2047B9771F}.Release|x86.Build.0 = Release|Any CPU
		{EAD17483-213A-4C54-AB85-8DBA4498EE8A}.Debug|Any CPU.ActiveCfg = Debug|Any CPU
		{EAD17483-213A-4C54-AB85-8DBA4498EE8A}.Debug|Any CPU.Build.0 = Debug|Any CPU
		{EAD17483-213A-4C54-AB85-8DBA4498EE8A}.Debug|x64.ActiveCfg = Debug|Any CPU
		{EAD17483-213A-4C54-AB85-8DBA4498EE8A}.Debug|x64.Build.0 = Debug|Any CPU
		{EAD17483-213A-4C54-AB85-8DBA4498EE8A}.Debug|x86.ActiveCfg = Debug|Any CPU
		{EAD17483-213A-4C54-AB85-8DBA4498EE8A}.Debug|x86.Build.0 = Debug|Any CPU
		{EAD17483-213A-4C54-AB85-8DBA4498EE8A}.Release|Any CPU.ActiveCfg = Release|Any CPU
		{EAD17483-213A-4C54-AB85-8DBA4498EE8A}.Release|Any CPU.Build.0 = Release|Any CPU
		{EAD17483-213A-4C54-AB85-8DBA4498EE8A}.Release|x64.ActiveCfg = Release|Any CPU
		{EAD17483-213A-4C54-AB85-8DBA4498EE8A}.Release|x64.Build.0 = Release|Any CPU
		{EAD17483-213A-4C54-AB85-8DBA4498EE8A}.Release|x86.ActiveCfg = Release|Any CPU
		{EAD17483-213A-4C54-AB85-8DBA4498EE8A}.Release|x86.Build.0 = Release|Any CPU
		{783B103C-863B-4063-A00E-EBD46BFB40A8}.Debug|Any CPU.ActiveCfg = Debug|Any CPU
		{783B103C-863B-4063-A00E-EBD46BFB40A8}.Debug|Any CPU.Build.0 = Debug|Any CPU
		{783B103C-863B-4063-A00E-EBD46BFB40A8}.Debug|x64.ActiveCfg = Debug|Any CPU
		{783B103C-863B-4063-A00E-EBD46BFB40A8}.Debug|x64.Build.0 = Debug|Any CPU
		{783B103C-863B-4063-A00E-EBD46BFB40A8}.Debug|x86.ActiveCfg = Debug|Any CPU
		{783B103C-863B-4063-A00E-EBD46BFB40A8}.Debug|x86.Build.0 = Debug|Any CPU
		{783B103C-863B-4063-A00E-EBD46BFB40A8}.Release|Any CPU.ActiveCfg = Release|Any CPU
		{783B103C-863B-4063-A00E-EBD46BFB40A8}.Release|Any CPU.Build.0 = Release|Any CPU
		{783B103C-863B-4063-A00E-EBD46BFB40A8}.Release|x64.ActiveCfg = Release|Any CPU
		{783B103C-863B-4063-A00E-EBD46BFB40A8}.Release|x64.Build.0 = Release|Any CPU
		{783B103C-863B-4063-A00E-EBD46BFB40A8}.Release|x86.ActiveCfg = Release|Any CPU
		{783B103C-863B-4063-A00E-EBD46BFB40A8}.Release|x86.Build.0 = Release|Any CPU
		{40555400-237C-4FD9-AD26-7995F82646D8}.Debug|Any CPU.ActiveCfg = Debug|Any CPU
		{40555400-237C-4FD9-AD26-7995F82646D8}.Debug|Any CPU.Build.0 = Debug|Any CPU
		{40555400-237C-4FD9-AD26-7995F82646D8}.Debug|x64.ActiveCfg = Debug|Any CPU
		{40555400-237C-4FD9-AD26-7995F82646D8}.Debug|x64.Build.0 = Debug|Any CPU
		{40555400-237C-4FD9-AD26-7995F82646D8}.Debug|x86.ActiveCfg = Debug|Any CPU
		{40555400-237C-4FD9-AD26-7995F82646D8}.Debug|x86.Build.0 = Debug|Any CPU
		{40555400-237C-4FD9-AD26-7995F82646D8}.Release|Any CPU.ActiveCfg = Release|Any CPU
		{40555400-237C-4FD9-AD26-7995F82646D8}.Release|Any CPU.Build.0 = Release|Any CPU
		{40555400-237C-4FD9-AD26-7995F82646D8}.Release|x64.ActiveCfg = Release|Any CPU
		{40555400-237C-4FD9-AD26-7995F82646D8}.Release|x64.Build.0 = Release|Any CPU
		{40555400-237C-4FD9-AD26-7995F82646D8}.Release|x86.ActiveCfg = Release|Any CPU
		{40555400-237C-4FD9-AD26-7995F82646D8}.Release|x86.Build.0 = Release|Any CPU
		{93483F27-9F65-43B8-B592-5964B197EE12}.Debug|Any CPU.ActiveCfg = Debug|Any CPU
		{93483F27-9F65-43B8-B592-5964B197EE12}.Debug|Any CPU.Build.0 = Debug|Any CPU
		{93483F27-9F65-43B8-B592-5964B197EE12}.Debug|x64.ActiveCfg = Debug|Any CPU
		{93483F27-9F65-43B8-B592-5964B197EE12}.Debug|x64.Build.0 = Debug|Any CPU
		{93483F27-9F65-43B8-B592-5964B197EE12}.Debug|x86.ActiveCfg = Debug|Any CPU
		{93483F27-9F65-43B8-B592-5964B197EE12}.Debug|x86.Build.0 = Debug|Any CPU
		{93483F27-9F65-43B8-B592-5964B197EE12}.Release|Any CPU.ActiveCfg = Release|Any CPU
		{93483F27-9F65-43B8-B592-5964B197EE12}.Release|Any CPU.Build.0 = Release|Any CPU
		{93483F27-9F65-43B8-B592-5964B197EE12}.Release|x64.ActiveCfg = Release|Any CPU
		{93483F27-9F65-43B8-B592-5964B197EE12}.Release|x64.Build.0 = Release|Any CPU
		{93483F27-9F65-43B8-B592-5964B197EE12}.Release|x86.ActiveCfg = Release|Any CPU
		{93483F27-9F65-43B8-B592-5964B197EE12}.Release|x86.Build.0 = Release|Any CPU
		{8CBF6F48-4690-42EF-843A-81DD85646091}.Debug|Any CPU.ActiveCfg = Debug|Any CPU
		{8CBF6F48-4690-42EF-843A-81DD85646091}.Debug|Any CPU.Build.0 = Debug|Any CPU
		{8CBF6F48-4690-42EF-843A-81DD85646091}.Debug|x64.ActiveCfg = Debug|Any CPU
		{8CBF6F48-4690-42EF-843A-81DD85646091}.Debug|x64.Build.0 = Debug|Any CPU
		{8CBF6F48-4690-42EF-843A-81DD85646091}.Debug|x86.ActiveCfg = Debug|Any CPU
		{8CBF6F48-4690-42EF-843A-81DD85646091}.Debug|x86.Build.0 = Debug|Any CPU
		{8CBF6F48-4690-42EF-843A-81DD85646091}.Release|Any CPU.ActiveCfg = Release|Any CPU
		{8CBF6F48-4690-42EF-843A-81DD85646091}.Release|Any CPU.Build.0 = Release|Any CPU
		{8CBF6F48-4690-42EF-843A-81DD85646091}.Release|x64.ActiveCfg = Release|Any CPU
		{8CBF6F48-4690-42EF-843A-81DD85646091}.Release|x64.Build.0 = Release|Any CPU
		{8CBF6F48-4690-42EF-843A-81DD85646091}.Release|x86.ActiveCfg = Release|Any CPU
		{8CBF6F48-4690-42EF-843A-81DD85646091}.Release|x86.Build.0 = Release|Any CPU
		{D6690C32-F900-4F18-AEC2-4409A60DCFCA}.Debug|Any CPU.ActiveCfg = Debug|Any CPU
		{D6690C32-F900-4F18-AEC2-4409A60DCFCA}.Debug|Any CPU.Build.0 = Debug|Any CPU
		{D6690C32-F900-4F18-AEC2-4409A60DCFCA}.Debug|x64.ActiveCfg = Debug|Any CPU
		{D6690C32-F900-4F18-AEC2-4409A60DCFCA}.Debug|x64.Build.0 = Debug|Any CPU
		{D6690C32-F900-4F18-AEC2-4409A60DCFCA}.Debug|x86.ActiveCfg = Debug|Any CPU
		{D6690C32-F900-4F18-AEC2-4409A60DCFCA}.Debug|x86.Build.0 = Debug|Any CPU
		{D6690C32-F900-4F18-AEC2-4409A60DCFCA}.Release|Any CPU.ActiveCfg = Release|Any CPU
		{D6690C32-F900-4F18-AEC2-4409A60DCFCA}.Release|Any CPU.Build.0 = Release|Any CPU
		{D6690C32-F900-4F18-AEC2-4409A60DCFCA}.Release|x64.ActiveCfg = Release|Any CPU
		{D6690C32-F900-4F18-AEC2-4409A60DCFCA}.Release|x64.Build.0 = Release|Any CPU
		{D6690C32-F900-4F18-AEC2-4409A60DCFCA}.Release|x86.ActiveCfg = Release|Any CPU
		{D6690C32-F900-4F18-AEC2-4409A60DCFCA}.Release|x86.Build.0 = Release|Any CPU
		{223B4F49-E3A9-4051-AD9B-15507136CEB9}.Debug|Any CPU.ActiveCfg = Debug|Any CPU
		{223B4F49-E3A9-4051-AD9B-15507136CEB9}.Debug|Any CPU.Build.0 = Debug|Any CPU
		{223B4F49-E3A9-4051-AD9B-15507136CEB9}.Debug|x64.ActiveCfg = Debug|Any CPU
		{223B4F49-E3A9-4051-AD9B-15507136CEB9}.Debug|x64.Build.0 = Debug|Any CPU
		{223B4F49-E3A9-4051-AD9B-15507136CEB9}.Debug|x86.ActiveCfg = Debug|Any CPU
		{223B4F49-E3A9-4051-AD9B-15507136CEB9}.Debug|x86.Build.0 = Debug|Any CPU
		{223B4F49-E3A9-4051-AD9B-15507136CEB9}.Release|Any CPU.ActiveCfg = Release|Any CPU
		{223B4F49-E3A9-4051-AD9B-15507136CEB9}.Release|Any CPU.Build.0 = Release|Any CPU
		{223B4F49-E3A9-4051-AD9B-15507136CEB9}.Release|x64.ActiveCfg = Release|Any CPU
		{223B4F49-E3A9-4051-AD9B-15507136CEB9}.Release|x64.Build.0 = Release|Any CPU
		{223B4F49-E3A9-4051-AD9B-15507136CEB9}.Release|x86.ActiveCfg = Release|Any CPU
		{223B4F49-E3A9-4051-AD9B-15507136CEB9}.Release|x86.Build.0 = Release|Any CPU
		{6467C5D3-41F2-4B25-B994-9D9927DDA9C2}.Debug|Any CPU.ActiveCfg = Debug|Any CPU
		{6467C5D3-41F2-4B25-B994-9D9927DDA9C2}.Debug|Any CPU.Build.0 = Debug|Any CPU
		{6467C5D3-41F2-4B25-B994-9D9927DDA9C2}.Debug|x64.ActiveCfg = Debug|Any CPU
		{6467C5D3-41F2-4B25-B994-9D9927DDA9C2}.Debug|x64.Build.0 = Debug|Any CPU
		{6467C5D3-41F2-4B25-B994-9D9927DDA9C2}.Debug|x86.ActiveCfg = Debug|Any CPU
		{6467C5D3-41F2-4B25-B994-9D9927DDA9C2}.Debug|x86.Build.0 = Debug|Any CPU
		{6467C5D3-41F2-4B25-B994-9D9927DDA9C2}.Release|Any CPU.ActiveCfg = Release|Any CPU
		{6467C5D3-41F2-4B25-B994-9D9927DDA9C2}.Release|Any CPU.Build.0 = Release|Any CPU
		{6467C5D3-41F2-4B25-B994-9D9927DDA9C2}.Release|x64.ActiveCfg = Release|Any CPU
		{6467C5D3-41F2-4B25-B994-9D9927DDA9C2}.Release|x64.Build.0 = Release|Any CPU
		{6467C5D3-41F2-4B25-B994-9D9927DDA9C2}.Release|x86.ActiveCfg = Release|Any CPU
		{6467C5D3-41F2-4B25-B994-9D9927DDA9C2}.Release|x86.Build.0 = Release|Any CPU
		{6046382B-F697-488A-9ABA-C2A4880FE34F}.Debug|Any CPU.ActiveCfg = Debug|Any CPU
		{6046382B-F697-488A-9ABA-C2A4880FE34F}.Debug|Any CPU.Build.0 = Debug|Any CPU
		{6046382B-F697-488A-9ABA-C2A4880FE34F}.Debug|x64.ActiveCfg = Debug|Any CPU
		{6046382B-F697-488A-9ABA-C2A4880FE34F}.Debug|x64.Build.0 = Debug|Any CPU
		{6046382B-F697-488A-9ABA-C2A4880FE34F}.Debug|x86.ActiveCfg = Debug|Any CPU
		{6046382B-F697-488A-9ABA-C2A4880FE34F}.Debug|x86.Build.0 = Debug|Any CPU
		{6046382B-F697-488A-9ABA-C2A4880FE34F}.Release|Any CPU.ActiveCfg = Release|Any CPU
		{6046382B-F697-488A-9ABA-C2A4880FE34F}.Release|Any CPU.Build.0 = Release|Any CPU
		{6046382B-F697-488A-9ABA-C2A4880FE34F}.Release|x64.ActiveCfg = Release|Any CPU
		{6046382B-F697-488A-9ABA-C2A4880FE34F}.Release|x64.Build.0 = Release|Any CPU
		{6046382B-F697-488A-9ABA-C2A4880FE34F}.Release|x86.ActiveCfg = Release|Any CPU
		{6046382B-F697-488A-9ABA-C2A4880FE34F}.Release|x86.Build.0 = Release|Any CPU
		{10E2477B-A479-4E08-8278-0D133BC49C76}.Debug|Any CPU.ActiveCfg = Debug|Any CPU
		{10E2477B-A479-4E08-8278-0D133BC49C76}.Debug|Any CPU.Build.0 = Debug|Any CPU
		{10E2477B-A479-4E08-8278-0D133BC49C76}.Debug|x64.ActiveCfg = Debug|Any CPU
		{10E2477B-A479-4E08-8278-0D133BC49C76}.Debug|x64.Build.0 = Debug|Any CPU
		{10E2477B-A479-4E08-8278-0D133BC49C76}.Debug|x86.ActiveCfg = Debug|Any CPU
		{10E2477B-A479-4E08-8278-0D133BC49C76}.Debug|x86.Build.0 = Debug|Any CPU
		{10E2477B-A479-4E08-8278-0D133BC49C76}.Release|Any CPU.ActiveCfg = Release|Any CPU
		{10E2477B-A479-4E08-8278-0D133BC49C76}.Release|Any CPU.Build.0 = Release|Any CPU
		{10E2477B-A479-4E08-8278-0D133BC49C76}.Release|x64.ActiveCfg = Release|Any CPU
		{10E2477B-A479-4E08-8278-0D133BC49C76}.Release|x64.Build.0 = Release|Any CPU
		{10E2477B-A479-4E08-8278-0D133BC49C76}.Release|x86.ActiveCfg = Release|Any CPU
		{10E2477B-A479-4E08-8278-0D133BC49C76}.Release|x86.Build.0 = Release|Any CPU
		{4D51C66F-281C-455A-9B6C-69DE26D0FE5B}.Debug|Any CPU.ActiveCfg = Debug|Any CPU
		{4D51C66F-281C-455A-9B6C-69DE26D0FE5B}.Debug|Any CPU.Build.0 = Debug|Any CPU
		{4D51C66F-281C-455A-9B6C-69DE26D0FE5B}.Debug|x64.ActiveCfg = Debug|Any CPU
		{4D51C66F-281C-455A-9B6C-69DE26D0FE5B}.Debug|x64.Build.0 = Debug|Any CPU
		{4D51C66F-281C-455A-9B6C-69DE26D0FE5B}.Debug|x86.ActiveCfg = Debug|Any CPU
		{4D51C66F-281C-455A-9B6C-69DE26D0FE5B}.Debug|x86.Build.0 = Debug|Any CPU
		{4D51C66F-281C-455A-9B6C-69DE26D0FE5B}.Release|Any CPU.ActiveCfg = Release|Any CPU
		{4D51C66F-281C-455A-9B6C-69DE26D0FE5B}.Release|Any CPU.Build.0 = Release|Any CPU
		{4D51C66F-281C-455A-9B6C-69DE26D0FE5B}.Release|x64.ActiveCfg = Release|Any CPU
		{4D51C66F-281C-455A-9B6C-69DE26D0FE5B}.Release|x64.Build.0 = Release|Any CPU
		{4D51C66F-281C-455A-9B6C-69DE26D0FE5B}.Release|x86.ActiveCfg = Release|Any CPU
		{4D51C66F-281C-455A-9B6C-69DE26D0FE5B}.Release|x86.Build.0 = Release|Any CPU
		{0E9F909A-85A2-4CE8-BC02-D3BC48DE394C}.Debug|Any CPU.ActiveCfg = Debug|Any CPU
		{0E9F909A-85A2-4CE8-BC02-D3BC48DE394C}.Debug|Any CPU.Build.0 = Debug|Any CPU
		{0E9F909A-85A2-4CE8-BC02-D3BC48DE394C}.Debug|x64.ActiveCfg = Debug|Any CPU
		{0E9F909A-85A2-4CE8-BC02-D3BC48DE394C}.Debug|x64.Build.0 = Debug|Any CPU
		{0E9F909A-85A2-4CE8-BC02-D3BC48DE394C}.Debug|x86.ActiveCfg = Debug|Any CPU
		{0E9F909A-85A2-4CE8-BC02-D3BC48DE394C}.Debug|x86.Build.0 = Debug|Any CPU
		{0E9F909A-85A2-4CE8-BC02-D3BC48DE394C}.Release|Any CPU.ActiveCfg = Release|Any CPU
		{0E9F909A-85A2-4CE8-BC02-D3BC48DE394C}.Release|Any CPU.Build.0 = Release|Any CPU
		{0E9F909A-85A2-4CE8-BC02-D3BC48DE394C}.Release|x64.ActiveCfg = Release|Any CPU
		{0E9F909A-85A2-4CE8-BC02-D3BC48DE394C}.Release|x64.Build.0 = Release|Any CPU
		{0E9F909A-85A2-4CE8-BC02-D3BC48DE394C}.Release|x86.ActiveCfg = Release|Any CPU
		{0E9F909A-85A2-4CE8-BC02-D3BC48DE394C}.Release|x86.Build.0 = Release|Any CPU
		{94FDB650-6275-4A3D-87BA-D78D42BF82CF}.Debug|Any CPU.ActiveCfg = Debug|Any CPU
		{94FDB650-6275-4A3D-87BA-D78D42BF82CF}.Debug|Any CPU.Build.0 = Debug|Any CPU
		{94FDB650-6275-4A3D-87BA-D78D42BF82CF}.Debug|x64.ActiveCfg = Debug|Any CPU
		{94FDB650-6275-4A3D-87BA-D78D42BF82CF}.Debug|x64.Build.0 = Debug|Any CPU
		{94FDB650-6275-4A3D-87BA-D78D42BF82CF}.Debug|x86.ActiveCfg = Debug|Any CPU
		{94FDB650-6275-4A3D-87BA-D78D42BF82CF}.Debug|x86.Build.0 = Debug|Any CPU
		{94FDB650-6275-4A3D-87BA-D78D42BF82CF}.Release|Any CPU.ActiveCfg = Release|Any CPU
		{94FDB650-6275-4A3D-87BA-D78D42BF82CF}.Release|Any CPU.Build.0 = Release|Any CPU
		{94FDB650-6275-4A3D-87BA-D78D42BF82CF}.Release|x64.ActiveCfg = Release|Any CPU
		{94FDB650-6275-4A3D-87BA-D78D42BF82CF}.Release|x64.Build.0 = Release|Any CPU
		{94FDB650-6275-4A3D-87BA-D78D42BF82CF}.Release|x86.ActiveCfg = Release|Any CPU
		{94FDB650-6275-4A3D-87BA-D78D42BF82CF}.Release|x86.Build.0 = Release|Any CPU
		{0AB59A2F-A1DD-4AEC-B6E6-05D6AA79EE6F}.Debug|Any CPU.ActiveCfg = Debug|Any CPU
		{0AB59A2F-A1DD-4AEC-B6E6-05D6AA79EE6F}.Debug|Any CPU.Build.0 = Debug|Any CPU
		{0AB59A2F-A1DD-4AEC-B6E6-05D6AA79EE6F}.Debug|x64.ActiveCfg = Debug|Any CPU
		{0AB59A2F-A1DD-4AEC-B6E6-05D6AA79EE6F}.Debug|x64.Build.0 = Debug|Any CPU
		{0AB59A2F-A1DD-4AEC-B6E6-05D6AA79EE6F}.Debug|x86.ActiveCfg = Debug|Any CPU
		{0AB59A2F-A1DD-4AEC-B6E6-05D6AA79EE6F}.Debug|x86.Build.0 = Debug|Any CPU
		{0AB59A2F-A1DD-4AEC-B6E6-05D6AA79EE6F}.Release|Any CPU.ActiveCfg = Release|Any CPU
		{0AB59A2F-A1DD-4AEC-B6E6-05D6AA79EE6F}.Release|Any CPU.Build.0 = Release|Any CPU
		{0AB59A2F-A1DD-4AEC-B6E6-05D6AA79EE6F}.Release|x64.ActiveCfg = Release|Any CPU
		{0AB59A2F-A1DD-4AEC-B6E6-05D6AA79EE6F}.Release|x64.Build.0 = Release|Any CPU
		{0AB59A2F-A1DD-4AEC-B6E6-05D6AA79EE6F}.Release|x86.ActiveCfg = Release|Any CPU
		{0AB59A2F-A1DD-4AEC-B6E6-05D6AA79EE6F}.Release|x86.Build.0 = Release|Any CPU
		{20A7F80F-CB02-42B2-A93C-E5E30B6E8E18}.Debug|Any CPU.ActiveCfg = Debug|Any CPU
		{20A7F80F-CB02-42B2-A93C-E5E30B6E8E18}.Debug|Any CPU.Build.0 = Debug|Any CPU
		{20A7F80F-CB02-42B2-A93C-E5E30B6E8E18}.Debug|x64.ActiveCfg = Debug|Any CPU
		{20A7F80F-CB02-42B2-A93C-E5E30B6E8E18}.Debug|x64.Build.0 = Debug|Any CPU
		{20A7F80F-CB02-42B2-A93C-E5E30B6E8E18}.Debug|x86.ActiveCfg = Debug|Any CPU
		{20A7F80F-CB02-42B2-A93C-E5E30B6E8E18}.Debug|x86.Build.0 = Debug|Any CPU
		{20A7F80F-CB02-42B2-A93C-E5E30B6E8E18}.Release|Any CPU.ActiveCfg = Release|Any CPU
		{20A7F80F-CB02-42B2-A93C-E5E30B6E8E18}.Release|Any CPU.Build.0 = Release|Any CPU
		{20A7F80F-CB02-42B2-A93C-E5E30B6E8E18}.Release|x64.ActiveCfg = Release|Any CPU
		{20A7F80F-CB02-42B2-A93C-E5E30B6E8E18}.Release|x64.Build.0 = Release|Any CPU
		{20A7F80F-CB02-42B2-A93C-E5E30B6E8E18}.Release|x86.ActiveCfg = Release|Any CPU
		{20A7F80F-CB02-42B2-A93C-E5E30B6E8E18}.Release|x86.Build.0 = Release|Any CPU
	EndGlobalSection
	GlobalSection(SolutionProperties) = preSolution
		HideSolutionNode = FALSE
	EndGlobalSection
	GlobalSection(ExtensibilityGlobals) = postSolution
		SolutionGuid = {90E98429-5761-4DFA-863C-72780FE965B8}
	EndGlobalSection
EndGlobal
